// !$*UTF8*$!
{
	archiveVersion = 1;
	classes = {
	};
	objectVersion = 55;
	objects = {

/* Begin PBXBuildFile section */
		54FA3842278BCDDB00DEAD60 /* GitVersionConntrolApp.swift in Sources */ = {isa = PBXBuildFile; fileRef = 54FA3832278BCDDB00DEAD60 /* GitVersionConntrolApp.swift */; };
		54FA3843278BCDDB00DEAD60 /* GitVersionConntrolApp.swift in Sources */ = {isa = PBXBuildFile; fileRef = 54FA3832278BCDDB00DEAD60 /* GitVersionConntrolApp.swift */; };
		54FA3844278BCDDB00DEAD60 /* ContentView.swift in Sources */ = {isa = PBXBuildFile; fileRef = 54FA3833278BCDDB00DEAD60 /* ContentView.swift */; };
		54FA3845278BCDDB00DEAD60 /* ContentView.swift in Sources */ = {isa = PBXBuildFile; fileRef = 54FA3833278BCDDB00DEAD60 /* ContentView.swift */; };
		54FA3846278BCDDB00DEAD60 /* Assets.xcassets in Resources */ = {isa = PBXBuildFile; fileRef = 54FA3834278BCDDB00DEAD60 /* Assets.xcassets */; };
		54FA3847278BCDDB00DEAD60 /* Assets.xcassets in Resources */ = {isa = PBXBuildFile; fileRef = 54FA3834278BCDDB00DEAD60 /* Assets.xcassets */; };
/* End PBXBuildFile section */

/* Begin PBXFileReference section */
		54FA3832278BCDDB00DEAD60 /* GitVersionConntrolApp.swift */ = {isa = PBXFileReference; lastKnownFileType = sourcecode.swift; path = GitVersionConntrolApp.swift; sourceTree = "<group>"; };
		54FA3833278BCDDB00DEAD60 /* ContentView.swift */ = {isa = PBXFileReference; lastKnownFileType = sourcecode.swift; path = ContentView.swift; sourceTree = "<group>"; };
		54FA3834278BCDDB00DEAD60 /* Assets.xcassets */ = {isa = PBXFileReference; lastKnownFileType = folder.assetcatalog; path = Assets.xcassets; sourceTree = "<group>"; };
		54FA3839278BCDDB00DEAD60 /* GitVersionConntrol.app */ = {isa = PBXFileReference; explicitFileType = wrapper.application; includeInIndex = 0; path = GitVersionConntrol.app; sourceTree = BUILT_PRODUCTS_DIR; };
		54FA383F278BCDDB00DEAD60 /* GitVersionConntrol.app */ = {isa = PBXFileReference; explicitFileType = wrapper.application; includeInIndex = 0; path = GitVersionConntrol.app; sourceTree = BUILT_PRODUCTS_DIR; };
		54FA3841278BCDDB00DEAD60 /* macOS.entitlements */ = {isa = PBXFileReference; lastKnownFileType = text.plist.entitlements; path = macOS.entitlements; sourceTree = "<group>"; };
/* End PBXFileReference section */

/* Begin PBXFrameworksBuildPhase section */
		54FA3836278BCDDB00DEAD60 /* Frameworks */ = {
			isa = PBXFrameworksBuildPhase;
			buildActionMask = 2147483647;
			files = (
			);
			runOnlyForDeploymentPostprocessing = 0;
		};
		54FA383C278BCDDB00DEAD60 /* Frameworks */ = {
			isa = PBXFrameworksBuildPhase;
			buildActionMask = 2147483647;
			files = (
			);
			runOnlyForDeploymentPostprocessing = 0;
		};
/* End PBXFrameworksBuildPhase section */

/* Begin PBXGroup section */
		54FA382C278BCDDB00DEAD60 = {
			isa = PBXGroup;
			children = (
				54FA3831278BCDDB00DEAD60 /* Shared */,
				54FA3840278BCDDB00DEAD60 /* macOS */,
				54FA383A278BCDDB00DEAD60 /* Products */,
			);
			sourceTree = "<group>";
		};
		54FA3831278BCDDB00DEAD60 /* Shared */ = {
			isa = PBXGroup;
			children = (
				54FA3832278BCDDB00DEAD60 /* GitVersionConntrolApp.swift */,
				54FA3833278BCDDB00DEAD60 /* ContentView.swift */,
				54FA3834278BCDDB00DEAD60 /* Assets.xcassets */,
			);
			path = Shared;
			sourceTree = "<group>";
		};
		54FA383A278BCDDB00DEAD60 /* Products */ = {
			isa = PBXGroup;
			children = (
				54FA3839278BCDDB00DEAD60 /* GitVersionConntrol.app */,
				54FA383F278BCDDB00DEAD60 /* GitVersionConntrol.app */,
			);
			name = Products;
			sourceTree = "<group>";
		};
		54FA3840278BCDDB00DEAD60 /* macOS */ = {
			isa = PBXGroup;
			children = (
				54FA3841278BCDDB00DEAD60 /* macOS.entitlements */,
			);
			path = macOS;
			sourceTree = "<group>";
		};
/* End PBXGroup section */

/* Begin PBXNativeTarget section */
		54FA3838278BCDDB00DEAD60 /* GitVersionConntrol (iOS) */ = {
			isa = PBXNativeTarget;
			buildConfigurationList = 54FA384A278BCDDB00DEAD60 /* Build configuration list for PBXNativeTarget "GitVersionConntrol (iOS)" */;
			buildPhases = (
				54FA3835278BCDDB00DEAD60 /* Sources */,
				54FA3836278BCDDB00DEAD60 /* Frameworks */,
				54FA3837278BCDDB00DEAD60 /* Resources */,
			);
			buildRules = (
			);
			dependencies = (
			);
			name = "GitVersionConntrol (iOS)";
			productName = "GitVersionConntrol (iOS)";
			productReference = 54FA3839278BCDDB00DEAD60 /* GitVersionConntrol.app */;
			productType = "com.apple.product-type.application";
		};
		54FA383E278BCDDB00DEAD60 /* GitVersionConntrol (macOS) */ = {
			isa = PBXNativeTarget;
			buildConfigurationList = 54FA384D278BCDDB00DEAD60 /* Build configuration list for PBXNativeTarget "GitVersionConntrol (macOS)" */;
			buildPhases = (
				54FA383B278BCDDB00DEAD60 /* Sources */,
				54FA383C278BCDDB00DEAD60 /* Frameworks */,
				54FA383D278BCDDB00DEAD60 /* Resources */,
			);
			buildRules = (
			);
			dependencies = (
			);
			name = "GitVersionConntrol (macOS)";
			productName = "GitVersionConntrol (macOS)";
			productReference = 54FA383F278BCDDB00DEAD60 /* GitVersionConntrol.app */;
			productType = "com.apple.product-type.application";
		};
/* End PBXNativeTarget section */

/* Begin PBXProject section */
		54FA382D278BCDDB00DEAD60 /* Project object */ = {
			isa = PBXProject;
			attributes = {
				BuildIndependentTargetsInParallel = 1;
				LastSwiftUpdateCheck = 1320;
				LastUpgradeCheck = 1320;
				TargetAttributes = {
					54FA3838278BCDDB00DEAD60 = {
						CreatedOnToolsVersion = 13.2.1;
					};
					54FA383E278BCDDB00DEAD60 = {
						CreatedOnToolsVersion = 13.2.1;
					};
				};
			};
			buildConfigurationList = 54FA3830278BCDDB00DEAD60 /* Build configuration list for PBXProject "GitVersionConntrol" */;
			compatibilityVersion = "Xcode 13.0";
			developmentRegion = en;
			hasScannedForEncodings = 0;
			knownRegions = (
				en,
				Base,
			);
			mainGroup = 54FA382C278BCDDB00DEAD60;
			productRefGroup = 54FA383A278BCDDB00DEAD60 /* Products */;
			projectDirPath = "";
			projectRoot = "";
			targets = (
				54FA3838278BCDDB00DEAD60 /* GitVersionConntrol (iOS) */,
				54FA383E278BCDDB00DEAD60 /* GitVersionConntrol (macOS) */,
			);
		};
/* End PBXProject section */

/* Begin PBXResourcesBuildPhase section */
		54FA3837278BCDDB00DEAD60 /* Resources */ = {
			isa = PBXResourcesBuildPhase;
			buildActionMask = 2147483647;
			files = (
				54FA3846278BCDDB00DEAD60 /* Assets.xcassets in Resources */,
			);
			runOnlyForDeploymentPostprocessing = 0;
		};
		54FA383D278BCDDB00DEAD60 /* Resources */ = {
			isa = PBXResourcesBuildPhase;
			buildActionMask = 2147483647;
			files = (
				54FA3847278BCDDB00DEAD60 /* Assets.xcassets in Resources */,
			);
			runOnlyForDeploymentPostprocessing = 0;
		};
/* End PBXResourcesBuildPhase section */

/* Begin PBXSourcesBuildPhase section */
		54FA3835278BCDDB00DEAD60 /* Sources */ = {
			isa = PBXSourcesBuildPhase;
			buildActionMask = 2147483647;
			files = (
				54FA3844278BCDDB00DEAD60 /* ContentView.swift in Sources */,
				54FA3842278BCDDB00DEAD60 /* GitVersionConntrolApp.swift in Sources */,
			);
			runOnlyForDeploymentPostprocessing = 0;
		};
		54FA383B278BCDDB00DEAD60 /* Sources */ = {
			isa = PBXSourcesBuildPhase;
			buildActionMask = 2147483647;
			files = (
				54FA3845278BCDDB00DEAD60 /* ContentView.swift in Sources */,
				54FA3843278BCDDB00DEAD60 /* GitVersionConntrolApp.swift in Sources */,
			);
			runOnlyForDeploymentPostprocessing = 0;
		};
/* End PBXSourcesBuildPhase section */

/* Begin XCBuildConfiguration section */
		54FA3848278BCDDB00DEAD60 /* Debug */ = {
			isa = XCBuildConfiguration;
			buildSettings = {
				ALWAYS_SEARCH_USER_PATHS = NO;
				CLANG_ANALYZER_NONNULL = YES;
				CLANG_ANALYZER_NUMBER_OBJECT_CONVERSION = YES_AGGRESSIVE;
				CLANG_CXX_LANGUAGE_STANDARD = "gnu++17";
				CLANG_CXX_LIBRARY = "libc++";
				CLANG_ENABLE_MODULES = YES;
				CLANG_ENABLE_OBJC_ARC = YES;
				CLANG_ENABLE_OBJC_WEAK = YES;
				CLANG_WARN_BLOCK_CAPTURE_AUTORELEASING = YES;
				CLANG_WARN_BOOL_CONVERSION = YES;
				CLANG_WARN_COMMA = YES;
				CLANG_WARN_CONSTANT_CONVERSION = YES;
				CLANG_WARN_DEPRECATED_OBJC_IMPLEMENTATIONS = YES;
				CLANG_WARN_DIRECT_OBJC_ISA_USAGE = YES_ERROR;
				CLANG_WARN_DOCUMENTATION_COMMENTS = YES;
				CLANG_WARN_EMPTY_BODY = YES;
				CLANG_WARN_ENUM_CONVERSION = YES;
				CLANG_WARN_INFINITE_RECURSION = YES;
				CLANG_WARN_INT_CONVERSION = YES;
				CLANG_WARN_NON_LITERAL_NULL_CONVERSION = YES;
				CLANG_WARN_OBJC_IMPLICIT_RETAIN_SELF = YES;
				CLANG_WARN_OBJC_LITERAL_CONVERSION = YES;
				CLANG_WARN_OBJC_ROOT_CLASS = YES_ERROR;
				CLANG_WARN_QUOTED_INCLUDE_IN_FRAMEWORK_HEADER = YES;
				CLANG_WARN_RANGE_LOOP_ANALYSIS = YES;
				CLANG_WARN_STRICT_PROTOTYPES = YES;
				CLANG_WARN_SUSPICIOUS_MOVE = YES;
				CLANG_WARN_UNGUARDED_AVAILABILITY = YES_AGGRESSIVE;
				CLANG_WARN_UNREACHABLE_CODE = YES;
				CLANG_WARN__DUPLICATE_METHOD_MATCH = YES;
				COPY_PHASE_STRIP = NO;
				DEBUG_INFORMATION_FORMAT = dwarf;
				ENABLE_STRICT_OBJC_MSGSEND = YES;
				ENABLE_TESTABILITY = YES;
				GCC_C_LANGUAGE_STANDARD = gnu11;
				GCC_DYNAMIC_NO_PIC = NO;
				GCC_NO_COMMON_BLOCKS = YES;
				GCC_OPTIMIZATION_LEVEL = 0;
				GCC_PREPROCESSOR_DEFINITIONS = (
					"DEBUG=1",
					"$(inherited)",
				);
				GCC_WARN_64_TO_32_BIT_CONVERSION = YES;
				GCC_WARN_ABOUT_RETURN_TYPE = YES_ERROR;
				GCC_WARN_UNDECLARED_SELECTOR = YES;
				GCC_WARN_UNINITIALIZED_AUTOS = YES_AGGRESSIVE;
				GCC_WARN_UNUSED_FUNCTION = YES;
				GCC_WARN_UNUSED_VARIABLE = YES;
				MTL_ENABLE_DEBUG_INFO = INCLUDE_SOURCE;
				MTL_FAST_MATH = YES;
				ONLY_ACTIVE_ARCH = YES;
				SWIFT_ACTIVE_COMPILATION_CONDITIONS = DEBUG;
				SWIFT_OPTIMIZATION_LEVEL = "-Onone";
			};
			name = Debug;
		};
		54FA3849278BCDDB00DEAD60 /* Release */ = {
			isa = XCBuildConfiguration;
			buildSettings = {
				ALWAYS_SEARCH_USER_PATHS = NO;
				CLANG_ANALYZER_NONNULL = YES;
				CLANG_ANALYZER_NUMBER_OBJECT_CONVERSION = YES_AGGRESSIVE;
				CLANG_CXX_LANGUAGE_STANDARD = "gnu++17";
				CLANG_CXX_LIBRARY = "libc++";
				CLANG_ENABLE_MODULES = YES;
				CLANG_ENABLE_OBJC_ARC = YES;
				CLANG_ENABLE_OBJC_WEAK = YES;
				CLANG_WARN_BLOCK_CAPTURE_AUTORELEASING = YES;
				CLANG_WARN_BOOL_CONVERSION = YES;
				CLANG_WARN_COMMA = YES;
				CLANG_WARN_CONSTANT_CONVERSION = YES;
				CLANG_WARN_DEPRECATED_OBJC_IMPLEMENTATIONS = YES;
				CLANG_WARN_DIRECT_OBJC_ISA_USAGE = YES_ERROR;
				CLANG_WARN_DOCUMENTATION_COMMENTS = YES;
				CLANG_WARN_EMPTY_BODY = YES;
				CLANG_WARN_ENUM_CONVERSION = YES;
				CLANG_WARN_INFINITE_RECURSION = YES;
				CLANG_WARN_INT_CONVERSION = YES;
				CLANG_WARN_NON_LITERAL_NULL_CONVERSION = YES;
				CLANG_WARN_OBJC_IMPLICIT_RETAIN_SELF = YES;
				CLANG_WARN_OBJC_LITERAL_CONVERSION = YES;
				CLANG_WARN_OBJC_ROOT_CLASS = YES_ERROR;
				CLANG_WARN_QUOTED_INCLUDE_IN_FRAMEWORK_HEADER = YES;
				CLANG_WARN_RANGE_LOOP_ANALYSIS = YES;
				CLANG_WARN_STRICT_PROTOTYPES = YES;
				CLANG_WARN_SUSPICIOUS_MOVE = YES;
				CLANG_WARN_UNGUARDED_AVAILABILITY = YES_AGGRESSIVE;
				CLANG_WARN_UNREACHABLE_CODE = YES;
				CLANG_WARN__DUPLICATE_METHOD_MATCH = YES;
				COPY_PHASE_STRIP = NO;
				DEBUG_INFORMATION_FORMAT = "dwarf-with-dsym";
				ENABLE_NS_ASSERTIONS = NO;
				ENABLE_STRICT_OBJC_MSGSEND = YES;
				GCC_C_LANGUAGE_STANDARD = gnu11;
				GCC_NO_COMMON_BLOCKS = YES;
				GCC_WARN_64_TO_32_BIT_CONVERSION = YES;
				GCC_WARN_ABOUT_RETURN_TYPE = YES_ERROR;
				GCC_WARN_UNDECLARED_SELECTOR = YES;
				GCC_WARN_UNINITIALIZED_AUTOS = YES_AGGRESSIVE;
				GCC_WARN_UNUSED_FUNCTION = YES;
				GCC_WARN_UNUSED_VARIABLE = YES;
				MTL_ENABLE_DEBUG_INFO = NO;
				MTL_FAST_MATH = YES;
				SWIFT_COMPILATION_MODE = wholemodule;
				SWIFT_OPTIMIZATION_LEVEL = "-O";
			};
			name = Release;
		};
		54FA384B278BCDDB00DEAD60 /* Debug */ = {
			isa = XCBuildConfiguration;
			buildSettings = {
				ASSETCATALOG_COMPILER_APPICON_NAME = AppIcon;
				ASSETCATALOG_COMPILER_GLOBAL_ACCENT_COLOR_NAME = AccentColor;
				CODE_SIGN_STYLE = Automatic;
				CURRENT_PROJECT_VERSION = 1;
				DEVELOPMENT_TEAM = 6R43HTQQM2;
				ENABLE_PREVIEWS = YES;
				GENERATE_INFOPLIST_FILE = YES;
				INFOPLIST_KEY_UIApplicationSceneManifest_Generation = YES;
				INFOPLIST_KEY_UIApplicationSupportsIndirectInputEvents = YES;
				INFOPLIST_KEY_UILaunchScreen_Generation = YES;
				INFOPLIST_KEY_UISupportedInterfaceOrientations_iPad = "UIInterfaceOrientationPortrait UIInterfaceOrientationPortraitUpsideDown UIInterfaceOrientationLandscapeLeft UIInterfaceOrientationLandscapeRight";
				INFOPLIST_KEY_UISupportedInterfaceOrientations_iPhone = "UIInterfaceOrientationPortrait UIInterfaceOrientationLandscapeLeft UIInterfaceOrientationLandscapeRight";
				IPHONEOS_DEPLOYMENT_TARGET = 15.2;
				LD_RUNPATH_SEARCH_PATHS = (
					"$(inherited)",
					"@executable_path/Frameworks",
				);
				MARKETING_VERSION = 1.0;
				PRODUCT_BUNDLE_IDENTIFIER = "https---www.behance.net-aigooeaceb.GitVersionConntrol";
				PRODUCT_NAME = GitVersionConntrol;
				SDKROOT = iphoneos;
				SWIFT_EMIT_LOC_STRINGS = YES;
				SWIFT_VERSION = 5.0;
				TARGETED_DEVICE_FAMILY = "1,2";
			};
			name = Debug;
		};
		54FA384C278BCDDB00DEAD60 /* Release */ = {
			isa = XCBuildConfiguration;
			buildSettings = {
				ASSETCATALOG_COMPILER_APPICON_NAME = AppIcon;
				ASSETCATALOG_COMPILER_GLOBAL_ACCENT_COLOR_NAME = AccentColor;
				CODE_SIGN_STYLE = Automatic;
				CURRENT_PROJECT_VERSION = 1;
				DEVELOPMENT_TEAM = 6R43HTQQM2;
				ENABLE_PREVIEWS = YES;
				GENERATE_INFOPLIST_FILE = YES;
				INFOPLIST_KEY_UIApplicationSceneManifest_Generation = YES;
				INFOPLIST_KEY_UIApplicationSupportsIndirectInputEvents = YES;
				INFOPLIST_KEY_UILaunchScreen_Generation = YES;
				INFOPLIST_KEY_UISupportedInterfaceOrientations_iPad = "UIInterfaceOrientationPortrait UIInterfaceOrientationPortraitUpsideDown UIInterfaceOrientationLandscapeLeft UIInterfaceOrientationLandscapeRight";
				INFOPLIST_KEY_UISupportedInterfaceOrientations_iPhone = "UIInterfaceOrientationPortrait UIInterfaceOrientationLandscapeLeft UIInterfaceOrientationLandscapeRight";
				IPHONEOS_DEPLOYMENT_TARGET = 15.2;
				LD_RUNPATH_SEARCH_PATHS = (
					"$(inherited)",
					"@executable_path/Frameworks",
				);
				MARKETING_VERSION = 1.0;
				PRODUCT_BUNDLE_IDENTIFIER = "https---www.behance.net-aigooeaceb.GitVersionConntrol";
				PRODUCT_NAME = GitVersionConntrol;
				SDKROOT = iphoneos;
				SWIFT_EMIT_LOC_STRINGS = YES;
				SWIFT_VERSION = 5.0;
				TARGETED_DEVICE_FAMILY = "1,2";
				VALIDATE_PRODUCT = YES;
			};
			name = Release;
		};
		54FA384E278BCDDB00DEAD60 /* Debug */ = {
			isa = XCBuildConfiguration;
			buildSettings = {
				ASSETCATALOG_COMPILER_APPICON_NAME = AppIcon;
				ASSETCATALOG_COMPILER_GLOBAL_ACCENT_COLOR_NAME = AccentColor;
				CODE_SIGN_ENTITLEMENTS = macOS/macOS.entitlements;
				CODE_SIGN_STYLE = Automatic;
				COMBINE_HIDPI_IMAGES = YES;
				CURRENT_PROJECT_VERSION = 1;
				DEVELOPMENT_TEAM = 6R43HTQQM2;
				ENABLE_HARDENED_RUNTIME = YES;
				ENABLE_PREVIEWS = YES;
				GENERATE_INFOPLIST_FILE = YES;
				INFOPLIST_KEY_NSHumanReadableCopyright = "";
				LD_RUNPATH_SEARCH_PATHS = (
					"$(inherited)",
					"@executable_path/../Frameworks",
				);
				MACOSX_DEPLOYMENT_TARGET = 12.1;
				MARKETING_VERSION = 1.0;
				PRODUCT_BUNDLE_IDENTIFIER = "https---www.behance.net-aigooeaceb.GitVersionConntrol";
				PRODUCT_NAME = GitVersionConntrol;
				SDKROOT = macosx;
				SWIFT_EMIT_LOC_STRINGS = YES;
				SWIFT_VERSION = 5.0;
			};
			name = Debug;
		};
		54FA384F278BCDDB00DEAD60 /* Release */ = {
			isa = XCBuildConfiguration;
			buildSettings = {
				ASSETCATALOG_COMPILER_APPICON_NAME = AppIcon;
				ASSETCATALOG_COMPILER_GLOBAL_ACCENT_COLOR_NAME = AccentColor;
				CODE_SIGN_ENTITLEMENTS = macOS/macOS.entitlements;
				CODE_SIGN_STYLE = Automatic;
				COMBINE_HIDPI_IMAGES = YES;
				CURRENT_PROJECT_VERSION = 1;
				DEVELOPMENT_TEAM = 6R43HTQQM2;
				ENABLE_HARDENED_RUNTIME = YES;
				ENABLE_PREVIEWS = YES;
				GENERATE_INFOPLIST_FILE = YES;
				INFOPLIST_KEY_NSHumanReadableCopyright = "";
				LD_RUNPATH_SEARCH_PATHS = (
					"$(inherited)",
					"@executable_path/../Frameworks",
				);
				MACOSX_DEPLOYMENT_TARGET = 12.1;
				MARKETING_VERSION = 1.0;
				PRODUCT_BUNDLE_IDENTIFIER = "https---www.behance.net-aigooeaceb.GitVersionConntrol";
				PRODUCT_NAME = GitVersionConntrol;
				SDKROOT = macosx;
				SWIFT_EMIT_LOC_STRINGS = YES;
				SWIFT_VERSION = 5.0;
			};
			name = Release;
		};
/* End XCBuildConfiguration section */

/* Begin XCConfigurationList section */
		54FA3830278BCDDB00DEAD60 /* Build configuration list for PBXProject "GitVersionConntrol" */ = {
			isa = XCConfigurationList;
			buildConfigurations = (
				54FA3848278BCDDB00DEAD60 /* Debug */,
				54FA3849278BCDDB00DEAD60 /* Release */,
			);
			defaultConfigurationIsVisible = 0;
			defaultConfigurationName = Release;
		};
		54FA384A278BCDDB00DEAD60 /* Build configuration list for PBXNativeTarget "GitVersionConntrol (iOS)" */ = {
			isa = XCConfigurationList;
			buildConfigurations = (
				54FA384B278BCDDB00DEAD60 /* Debug */,
				54FA384C278BCDDB00DEAD60 /* Release */,
			);
			defaultConfigurationIsVisible = 0;
			defaultConfigurationName = Release;
		};
		54FA384D278BCDDB00DEAD60 /* Build configuration list for PBXNativeTarget "GitVersionConntrol (macOS)" */ = {
			isa = XCConfigurationList;
			buildConfigurations = (
				54FA384E278BCDDB00DEAD60 /* Debug */,
				54FA384F278BCDDB00DEAD60 /* Release */,
			);
			defaultConfigurationIsVisible = 0;
			defaultConfigurationName = Release;
		};
/* End XCConfigurationList section */
	};
	rootObject = 54FA382D278BCDDB00DEAD60 /* Project object */;
}
